
Microsoft Visual Studio Solution File, Format Version 12.00
# Visual Studio Version 17
VisualStudioVersion = 17.11.35327.3
MinimumVisualStudioVersion = 10.0.40219.1
Project("{FAE04EC0-301F-11D3-BF4B-00C04F79EFBC}") = "MMTTLVParser", "MMTTLVParser\MMTTLVParser.csproj", "{83F2D8B1-7AFD-42CA-874A-B45CCF31220A}"
EndProject
Project("{FAE04EC0-301F-11D3-BF4B-00C04F79EFBC}") = "MMTTLVParser.Sample", "MMTTLVParser.Sample\MMTTLVParser.Sample.csproj", "{24D3C055-F493-4649-9C32-FBB730CC9AA9}"
EndProject
Global
	GlobalSection(SolutionConfigurationPlatforms) = preSolution
		Debug|Any CPU = Debug|Any CPU
		Release|Any CPU = Release|Any CPU
	EndGlobalSection
	GlobalSection(ProjectConfigurationPlatforms) = postSolution
		{83F2D8B1-7AFD-42CA-874A-B45CCF31220A}.Debug|Any CPU.ActiveCfg = Debug|Any CPU
		{83F2D8B1-7AFD-42CA-874A-B45CCF31220A}.Debug|Any CPU.Build.0 = Debug|Any CPU
		{83F2D8B1-7AFD-42CA-874A-B45CCF31220A}.Release|Any CPU.ActiveCfg = Release|Any CPU
		{83F2D8B1-7AFD-42CA-874A-B45CCF31220A}.Release|Any CPU.Build.0 = Release|Any CPU
		{24D3C055-F493-4649-9C32-FBB730CC9AA9}.Debug|Any CPU.ActiveCfg = Debug|Any CPU
		{24D3C055-F493-4649-9C32-FBB730CC9AA9}.Debug|Any CPU.Build.0 = Debug|Any CPU
		{24D3C055-F493-4649-9C32-FBB730CC9AA9}.Release|Any CPU.ActiveCfg = Release|Any CPU
		{24D3C055-F493-4649-9C32-FBB730CC9AA9}.Release|Any CPU.Build.0 = Release|Any CPU
	EndGlobalSection
	GlobalSection(SolutionProperties) = preSolution
		HideSolutionNode = FALSE
	EndGlobalSection
	GlobalSection(ExtensibilityGlobals) = postSolution
		SolutionGuid = {7789C778-6A4A-4849-9128-3EB1594E2DCA}
	EndGlobalSection
EndGlobal
